
Microsoft Visual Studio Solution File, Format Version 12.00
# Visual Studio 15
VisualStudioVersion = 15.0.27428.2037
MinimumVisualStudioVersion = 10.0.40219.1
Project("{9A19103F-16F7-4668-BE54-9A1E7A4F7556}") = "Test", "Test\Test.csproj", "{18915278-AA95-4A85-B1DD-B900E45DDBA4}"
EndProject
Project("{00D1A9C2-B5F0-4AF3-8072-F6C62B433612}") = "db_test", "Test\database\db_test\db_test.sqlproj", "{45CFF1D0-F764-4F63-B45B-AD6BE3D9106A}"
EndProject
Global
	GlobalSection(SolutionConfigurationPlatforms) = preSolution
		Debug|Any CPU = Debug|Any CPU
		Release|Any CPU = Release|Any CPU
	EndGlobalSection
	GlobalSection(ProjectConfigurationPlatforms) = postSolution
		{18915278-AA95-4A85-B1DD-B900E45DDBA4}.Debug|Any CPU.ActiveCfg = Debug|Any CPU
		{18915278-AA95-4A85-B1DD-B900E45DDBA4}.Debug|Any CPU.Build.0 = Debug|Any CPU
		{18915278-AA95-4A85-B1DD-B900E45DDBA4}.Release|Any CPU.ActiveCfg = Release|Any CPU
		{18915278-AA95-4A85-B1DD-B900E45DDBA4}.Release|Any CPU.Build.0 = Release|Any CPU
		{45CFF1D0-F764-4F63-B45B-AD6BE3D9106A}.Debug|Any CPU.ActiveCfg = Debug|Any CPU
		{45CFF1D0-F764-4F63-B45B-AD6BE3D9106A}.Debug|Any CPU.Build.0 = Debug|Any CPU
		{45CFF1D0-F764-4F63-B45B-AD6BE3D9106A}.Debug|Any CPU.Deploy.0 = Debug|Any CPU
		{45CFF1D0-F764-4F63-B45B-AD6BE3D9106A}.Release|Any CPU.ActiveCfg = Release|Any CPU
		{45CFF1D0-F764-4F63-B45B-AD6BE3D9106A}.Release|Any CPU.Build.0 = Release|Any CPU
		{45CFF1D0-F764-4F63-B45B-AD6BE3D9106A}.Release|Any CPU.Deploy.0 = Release|Any CPU
	EndGlobalSection
	GlobalSection(SolutionProperties) = preSolution
		HideSolutionNode = FALSE
	EndGlobalSection
	GlobalSection(ExtensibilityGlobals) = postSolution
		SolutionGuid = {5E692850-2195-45A2-A193-740E108B27AC}
	EndGlobalSection
EndGlobal
